// !$*UTF8*$!
{
	archiveVersion = 1;
	classes = {
	};
	objectVersion = 46;
	objects = {

/* Begin PBXBuildFile section */
		98C142001F69894A00CD363B /* AppDelegate.swift in Sources */ = {isa = PBXBuildFile; fileRef = 98C141FF1F69894A00CD363B /* AppDelegate.swift */; };
		98C142021F69894A00CD363B /* ViewController.swift in Sources */ = {isa = PBXBuildFile; fileRef = 98C142011F69894A00CD363B /* ViewController.swift */; };
		98C142051F69894A00CD363B /* Main.storyboard in Resources */ = {isa = PBXBuildFile; fileRef = 98C142031F69894A00CD363B /* Main.storyboard */; };
		98C142071F69894A00CD363B /* Assets.xcassets in Resources */ = {isa = PBXBuildFile; fileRef = 98C142061F69894A00CD363B /* Assets.xcassets */; };
		98C1420A1F69894A00CD363B /* LaunchScreen.storyboard in Resources */ = {isa = PBXBuildFile; fileRef = 98C142081F69894A00CD363B /* LaunchScreen.storyboard */; };
/* End PBXBuildFile section */

/* Begin PBXFileReference section */
		98C141FC1F69894A00CD363B /* Geolocation.app */ = {isa = PBXFileReference; explicitFileType = wrapper.application; includeInIndex = 0; path = Geolocation.app; sourceTree = BUILT_PRODUCTS_DIR; };
		98C141FF1F69894A00CD363B /* AppDelegate.swift */ = {isa = PBXFileReference; lastKnownFileType = sourcecode.swift; path = AppDelegate.swift; sourceTree = "<group>"; };
		98C142011F69894A00CD363B /* ViewController.swift */ = {isa = PBXFileReference; lastKnownFileType = sourcecode.swift; path = ViewController.swift; sourceTree = "<group>"; };
		98C142041F69894A00CD363B /* Base */ = {isa = PBXFileReference; lastKnownFileType = file.storyboard; name = Base; path = Base.lproj/Main.storyboard; sourceTree = "<group>"; };
		98C142061F69894A00CD363B /* Assets.xcassets */ = {isa = PBXFileReference; lastKnownFileType = folder.assetcatalog; path = Assets.xcassets; sourceTree = "<group>"; };
		98C142091F69894A00CD363B /* Base */ = {isa = PBXFileReference; lastKnownFileType = file.storyboard; name = Base; path = Base.lproj/LaunchScreen.storyboard; sourceTree = "<group>"; };
		98C1420B1F69894A00CD363B /* Info.plist */ = {isa = PBXFileReference; lastKnownFileType = text.plist.xml; path = Info.plist; sourceTree = "<group>"; };
/* End PBXFileReference section */

/* Begin PBXFrameworksBuildPhase section */
		98C141F91F69894A00CD363B /* Frameworks */ = {
			isa = PBXFrameworksBuildPhase;
			buildActionMask = 2147483647;
			files = (
			);
			runOnlyForDeploymentPostprocessing = 0;
		};
/* End PBXFrameworksBuildPhase section */

/* Begin PBXGroup section */
		98C141F31F69894A00CD363B = {
			isa = PBXGroup;
			children = (
				98C141FE1F69894A00CD363B /* Geolocation */,
				98C141FD1F69894A00CD363B /* Products */,
			);
			sourceTree = "<group>";
		};
		98C141FD1F69894A00CD363B /* Products */ = {
			isa = PBXGroup;
			children = (
				98C141FC1F69894A00CD363B /* Geolocation.app */,
			);
			name = Products;
			sourceTree = "<group>";
		};
		98C141FE1F69894A00CD363B /* Geolocation */ = {
			isa = PBXGroup;
			children = (
				98C141FF1F69894A00CD363B /* AppDelegate.swift */,
				98C142011F69894A00CD363B /* ViewController.swift */,
				98C142031F69894A00CD363B /* Main.storyboard */,
				98C142061F69894A00CD363B /* Assets.xcassets */,
				98C142081F69894A00CD363B /* LaunchScreen.storyboard */,
				98C1420B1F69894A00CD363B /* Info.plist */,
			);
			path = Geolocation;
			sourceTree = "<group>";
		};
/* End PBXGroup section */

/* Begin PBXNativeTarget section */
		98C141FB1F69894A00CD363B /* Geolocation */ = {
			isa = PBXNativeTarget;
			buildConfigurationList = 98C1420E1F69894A00CD363B /* Build configuration list for PBXNativeTarget "Geolocation" */;
			buildPhases = (
				98C141F81F69894A00CD363B /* Sources */,
				98C141F91F69894A00CD363B /* Frameworks */,
				98C141FA1F69894A00CD363B /* Resources */,
			);
			buildRules = (
			);
			dependencies = (
			);
			name = Geolocation;
			productName = Geolocation;
			productReference = 98C141FC1F69894A00CD363B /* Geolocation.app */;
			productType = "com.apple.product-type.application";
		};
/* End PBXNativeTarget section */

/* Begin PBXProject section */
		98C141F41F69894A00CD363B /* Project object */ = {
			isa = PBXProject;
			attributes = {
				LastSwiftUpdateCheck = 0830;
				LastUpgradeCheck = 0830;
				ORGANIZATIONNAME = "Thiago Lovatine";
				TargetAttributes = {
					98C141FB1F69894A00CD363B = {
						CreatedOnToolsVersion = 8.3.3;
						DevelopmentTeam = SE2J8FMNA2;
						ProvisioningStyle = Automatic;
					};
				};
			};
			buildConfigurationList = 98C141F71F69894A00CD363B /* Build configuration list for PBXProject "Geolocation" */;
			compatibilityVersion = "Xcode 3.2";
			developmentRegion = English;
			hasScannedForEncodings = 0;
			knownRegions = (
				en,
				Base,
			);
			mainGroup = 98C141F31F69894A00CD363B;
			productRefGroup = 98C141FD1F69894A00CD363B /* Products */;
			projectDirPath = "";
			projectRoot = "";
			targets = (
				98C141FB1F69894A00CD363B /* Geolocation */,
			);
		};
/* End PBXProject section */

/* Begin PBXResourcesBuildPhase section */
		98C141FA1F69894A00CD363B /* Resources */ = {
			isa = PBXResourcesBuildPhase;
			buildActionMask = 2147483647;
			files = (
				98C1420A1F69894A00CD363B /* LaunchScreen.storyboard in Resources */,
				98C142071F69894A00CD363B /* Assets.xcassets in Resources */,
				98C142051F69894A00CD363B /* Main.storyboard in Resources */,
			);
			runOnlyForDeploymentPostprocessing = 0;
		};
/* End PBXResourcesBuildPhase section */

/* Begin PBXSourcesBuildPhase section */
		98C141F81F69894A00CD363B /* Sources */ = {
			isa = PBXSourcesBuildPhase;
			buildActionMask = 2147483647;
			files = (
				98C142021F69894A00CD363B /* ViewController.swift in Sources */,
				98C142001F69894A00CD363B /* AppDelegate.swift in Sources */,
			);
			runOnlyForDeploymentPostprocessing = 0;
		};
/* End PBXSourcesBuildPhase section */

/* Begin PBXVariantGroup section */
		98C142031F69894A00CD363B /* Main.storyboard */ = {
			isa = PBXVariantGroup;
			children = (
				98C142041F69894A00CD363B /* Base */,
			);
			name = Main.storyboard;
			sourceTree = "<group>";
		};
		98C142081F69894A00CD363B /* LaunchScreen.storyboard */ = {
			isa = PBXVariantGroup;
			children = (
				98C142091F69894A00CD363B /* Base */,
			);
			name = LaunchScreen.storyboard;
			sourceTree = "<group>";
		};
/* End PBXVariantGroup section */

/* Begin XCBuildConfiguration section */
		98C1420C1F69894A00CD363B /* Debug */ = {
			isa = XCBuildConfiguration;
			buildSettings = {
				ALWAYS_SEARCH_USER_PATHS = NO;
				CLANG_ANALYZER_NONNULL = YES;
				CLANG_ANALYZER_NUMBER_OBJECT_CONVERSION = YES_AGGRESSIVE;
				CLANG_CXX_LANGUAGE_STANDARD = "gnu++0x";
				CLANG_CXX_LIBRARY = "libc++";
				CLANG_ENABLE_MODULES = YES;
				CLANG_ENABLE_OBJC_ARC = YES;
				CLANG_WARN_BOOL_CONVERSION = YES;
				CLANG_WARN_CONSTANT_CONVERSION = YES;
				CLANG_WARN_DIRECT_OBJC_ISA_USAGE = YES_ERROR;
				CLANG_WARN_DOCUMENTATION_COMMENTS = YES;
				CLANG_WARN_EMPTY_BODY = YES;
				CLANG_WARN_ENUM_CONVERSION = YES;
				CLANG_WARN_INFINITE_RECURSION = YES;
				CLANG_WARN_INT_CONVERSION = YES;
				CLANG_WARN_OBJC_ROOT_CLASS = YES_ERROR;
				CLANG_WARN_SUSPICIOUS_MOVE = YES;
				CLANG_WARN_UNREACHABLE_CODE = YES;
				CLANG_WARN__DUPLICATE_METHOD_MATCH = YES;
				"CODE_SIGN_IDENTITY[sdk=iphoneos*]" = "iPhone Developer";
				COPY_PHASE_STRIP = NO;
				DEBUG_INFORMATION_FORMAT = dwarf;
				ENABLE_STRICT_OBJC_MSGSEND = YES;
				ENABLE_TESTABILITY = YES;
				GCC_C_LANGUAGE_STANDARD = gnu99;
				GCC_DYNAMIC_NO_PIC = NO;
				GCC_NO_COMMON_BLOCKS = YES;
				GCC_OPTIMIZATION_LEVEL = 0;
				GCC_PREPROCESSOR_DEFINITIONS = (
					"DEBUG=1",
					"$(inherited)",
				);
				GCC_WARN_64_TO_32_BIT_CONVERSION = YES;
				GCC_WARN_ABOUT_RETURN_TYPE = YES_ERROR;
				GCC_WARN_UNDECLARED_SELECTOR = YES;
				GCC_WARN_UNINITIALIZED_AUTOS = YES_AGGRESSIVE;
				GCC_WARN_UNUSED_FUNCTION = YES;
				GCC_WARN_UNUSED_VARIABLE = YES;
				IPHONEOS_DEPLOYMENT_TARGET = 10.3;
				MTL_ENABLE_DEBUG_INFO = YES;
				ONLY_ACTIVE_ARCH = YES;
				SDKROOT = iphoneos;
				SWIFT_ACTIVE_COMPILATION_CONDITIONS = DEBUG;
				SWIFT_OPTIMIZATION_LEVEL = "-Onone";
				TARGETED_DEVICE_FAMILY = "1,2";
			};
			name = Debug;
		};
		98C1420D1F69894A00CD363B /* Release */ = {
			isa = XCBuildConfiguration;
			buildSettings = {
				ALWAYS_SEARCH_USER_PATHS = NO;
				CLANG_ANALYZER_NONNULL = YES;
				CLANG_ANALYZER_NUMBER_OBJECT_CONVERSION = YES_AGGRESSIVE;
				CLANG_CXX_LANGUAGE_STANDARD = "gnu++0x";
				CLANG_CXX_LIBRARY = "libc++";
				CLANG_ENABLE_MODULES = YES;
				CLANG_ENABLE_OBJC_ARC = YES;
				CLANG_WARN_BOOL_CONVERSION = YES;
				CLANG_WARN_CONSTANT_CONVERSION = YES;
				CLANG_WARN_DIRECT_OBJC_ISA_USAGE = YES_ERROR;
				CLANG_WARN_DOCUMENTATION_COMMENTS = YES;
				CLANG_WARN_EMPTY_BODY = YES;
				CLANG_WARN_ENUM_CONVERSION = YES;
				CLANG_WARN_INFINITE_RECURSION = YES;
				CLANG_WARN_INT_CONVERSION = YES;
				CLANG_WARN_OBJC_ROOT_CLASS = YES_ERROR;
				CLANG_WARN_SUSPICIOUS_MOVE = YES;
				CLANG_WARN_UNREACHABLE_CODE = YES;
				CLANG_WARN__DUPLICATE_METHOD_MATCH = YES;
				"CODE_SIGN_IDENTITY[sdk=iphoneos*]" = "iPhone Developer";
				COPY_PHASE_STRIP = NO;
				DEBUG_INFORMATION_FORMAT = "dwarf-with-dsym";
				ENABLE_NS_ASSERTIONS = NO;
				ENABLE_STRICT_OBJC_MSGSEND = YES;
				GCC_C_LANGUAGE_STANDARD = gnu99;
				GCC_NO_COMMON_BLOCKS = YES;
				GCC_WARN_64_TO_32_BIT_CONVERSION = YES;
				GCC_WARN_ABOUT_RETURN_TYPE = YES_ERROR;
				GCC_WARN_UNDECLARED_SELECTOR = YES;
				GCC_WARN_UNINITIALIZED_AUTOS = YES_AGGRESSIVE;
				GCC_WARN_UNUSED_FUNCTION = YES;
				GCC_WARN_UNUSED_VARIABLE = YES;
				IPHONEOS_DEPLOYMENT_TARGET = 10.3;
				MTL_ENABLE_DEBUG_INFO = NO;
				SDKROOT = iphoneos;
				SWIFT_OPTIMIZATION_LEVEL = "-Owholemodule";
				TARGETED_DEVICE_FAMILY = "1,2";
				VALIDATE_PRODUCT = YES;
			};
			name = Release;
		};
		98C1420F1F69894A00CD363B /* Debug */ = {
			isa = XCBuildConfiguration;
			buildSettings = {
				ASSETCATALOG_COMPILER_APPICON_NAME = AppIcon;
				DEVELOPMENT_TEAM = SE2J8FMNA2;
				INFOPLIST_FILE = Geolocation/Info.plist;
				LD_RUNPATH_SEARCH_PATHS = "$(inherited) @executable_path/Frameworks";
				PRODUCT_BUNDLE_IDENTIFIER = com.studiotella.Geolocation;
				PRODUCT_NAME = "$(TARGET_NAME)";
				SWIFT_VERSION = 3.0;
			};
			name = Debug;
		};
		98C142101F69894A00CD363B /* Release */ = {
			isa = XCBuildConfiguration;
			buildSettings = {
				ASSETCATALOG_COMPILER_APPICON_NAME = AppIcon;
				DEVELOPMENT_TEAM = SE2J8FMNA2;
				INFOPLIST_FILE = Geolocation/Info.plist;
				LD_RUNPATH_SEARCH_PATHS = "$(inherited) @executable_path/Frameworks";
				PRODUCT_BUNDLE_IDENTIFIER = com.studiotella.Geolocation;
				PRODUCT_NAME = "$(TARGET_NAME)";
				SWIFT_VERSION = 3.0;
			};
			name = Release;
		};
/* End XCBuildConfiguration section */

/* Begin XCConfigurationList section */
		98C141F71F69894A00CD363B /* Build configuration list for PBXProject "Geolocation" */ = {
			isa = XCConfigurationList;
			buildConfigurations = (
				98C1420C1F69894A00CD363B /* Debug */,
				98C1420D1F69894A00CD363B /* Release */,
			);
			defaultConfigurationIsVisible = 0;
			defaultConfigurationName = Release;
		};
		98C1420E1F69894A00CD363B /* Build configuration list for PBXNativeTarget "Geolocation" */ = {
			isa = XCConfigurationList;
			buildConfigurations = (
				98C1420F1F69894A00CD363B /* Debug */,
				98C142101F69894A00CD363B /* Release */,
			);
			defaultConfigurationIsVisible = 0;
		};
/* End XCConfigurationList section */
	};
	rootObject = 98C141F41F69894A00CD363B /* Project object */;
}
